
Microsoft Visual Studio Solution File, Format Version 12.00
# Visual Studio Version 17
VisualStudioVersion = 17.14.36221.1 d17.14
MinimumVisualStudioVersion = 10.0.40219.1
Project("{FAE04EC0-301F-11D3-BF4B-00C04F79EFBC}") = "Portfolio", "Portfolio.csproj", "{5123C107-AF24-49FA-B4F4-D8BFA0C3802C}"
EndProject
Global
	GlobalSection(SolutionConfigurationPlatforms) = preSolution
		Debug|Any CPU = Debug|Any CPU
		Release|Any CPU = Release|Any CPU
	EndGlobalSection
	GlobalSection(ProjectConfigurationPlatforms) = postSolution
		{5123C107-AF24-49FA-B4F4-D8BFA0C3802C}.Debug|Any CPU.ActiveCfg = Debug|Any CPU
		{5123C107-AF24-49FA-B4F4-D8BFA0C3802C}.Debug|Any CPU.Build.0 = Debug|Any CPU
		{5123C107-AF24-49FA-B4F4-D8BFA0C3802C}.Release|Any CPU.ActiveCfg = Release|Any CPU
		{5123C107-AF24-49FA-B4F4-D8BFA0C3802C}.Release|Any CPU.Build.0 = Release|Any CPU
	EndGlobalSection
	GlobalSection(SolutionProperties) = preSolution
		HideSolutionNode = FALSE
	EndGlobalSection
	GlobalSection(ExtensibilityGlobals) = postSolution
		SolutionGuid = {E2FEF00D-EC8D-4C77-B5B4-30F7C4A78746}
	EndGlobalSection
EndGlobal
